
Microsoft Visual Studio Solution File, Format Version 12.00
# Visual Studio Version 17
VisualStudioVersion = 17.7.34221.43
MinimumVisualStudioVersion = 10.0.40219.1
Project("{9A19103F-16F7-4668-BE54-9A1E7A4F7556}") = "MelioraWebApp", "MelioraWebApp\MelioraWebApp.csproj", "{5ED352F0-8EB4-44B8-B01A-3C1D9C2EB6AA}"
EndProject
Project("{9A19103F-16F7-4668-BE54-9A1E7A4F7556}") = "SimpleCounter", "SimpleCounter\SimpleCounter.csproj", "{9DA8D2AD-1F73-4930-8ECD-7BF81157930A}"
EndProject
Project("{FAE04EC0-301F-11D3-BF4B-00C04F79EFBC}") = "SimpleCounterUI", "SimpleCounterUI\SimpleCounterUI.csproj", "{56FCA914-DFBD-467F-9289-E40536A490E7}"
EndProject
Global
	GlobalSection(SolutionConfigurationPlatforms) = preSolution
		Debug|Any CPU = Debug|Any CPU
		Release|Any CPU = Release|Any CPU
	EndGlobalSection
	GlobalSection(ProjectConfigurationPlatforms) = postSolution
		{5ED352F0-8EB4-44B8-B01A-3C1D9C2EB6AA}.Debug|Any CPU.ActiveCfg = Debug|Any CPU
		{5ED352F0-8EB4-44B8-B01A-3C1D9C2EB6AA}.Debug|Any CPU.Build.0 = Debug|Any CPU
		{5ED352F0-8EB4-44B8-B01A-3C1D9C2EB6AA}.Release|Any CPU.ActiveCfg = Release|Any CPU
		{5ED352F0-8EB4-44B8-B01A-3C1D9C2EB6AA}.Release|Any CPU.Build.0 = Release|Any CPU
		{9DA8D2AD-1F73-4930-8ECD-7BF81157930A}.Debug|Any CPU.ActiveCfg = Debug|Any CPU
		{9DA8D2AD-1F73-4930-8ECD-7BF81157930A}.Debug|Any CPU.Build.0 = Debug|Any CPU
		{9DA8D2AD-1F73-4930-8ECD-7BF81157930A}.Release|Any CPU.ActiveCfg = Release|Any CPU
		{9DA8D2AD-1F73-4930-8ECD-7BF81157930A}.Release|Any CPU.Build.0 = Release|Any CPU
		{56FCA914-DFBD-467F-9289-E40536A490E7}.Debug|Any CPU.ActiveCfg = Debug|Any CPU
		{56FCA914-DFBD-467F-9289-E40536A490E7}.Debug|Any CPU.Build.0 = Debug|Any CPU
		{56FCA914-DFBD-467F-9289-E40536A490E7}.Release|Any CPU.ActiveCfg = Release|Any CPU
		{56FCA914-DFBD-467F-9289-E40536A490E7}.Release|Any CPU.Build.0 = Release|Any CPU
	EndGlobalSection
	GlobalSection(SolutionProperties) = preSolution
		HideSolutionNode = FALSE
	EndGlobalSection
	GlobalSection(ExtensibilityGlobals) = postSolution
		SolutionGuid = {F5CD2426-D7D0-47FE-9566-A83A51C0AB10}
	EndGlobalSection
EndGlobal
